{
  "buildHash": "22cd02562f232664ddcfbfea85332b3c",
  "jsApi": {
    "apiInstances": [],
    "apiAliases": {},
    "apiInterfaces": {},
    "apiNames": {},
    "apiTypes": {}
  },
  "llvmApi": {
    "apiInstances": [],
    "apiAliases": {},
    "apiInterfaces": {},
    "apiNames": {},
    "apiTypes": {}
  },
  "versionHash": "a800d5faa311e823794546e400d7edb3"
}
