{
  "buildHash": "c49bdd1554780b13d7a7a33d11829cb6",
  "jsApi": {
    "apiInstances": [],
    "apiAliases": {},
    "apiInterfaces": {},
    "apiNames": {},
    "apiTypes": {}
  },
  "llvmApi": {
    "apiInstances": [],
    "apiAliases": {},
    "apiInterfaces": {},
    "apiNames": {},
    "apiTypes": {}
  },
  "versionHash": "a3484a8ee1da8d6a75e9b63e56ca43df"
}
